
Microsoft Visual Studio Solution File, Format Version 12.00
# Visual Studio Version 16
VisualStudioVersion = 16.0.29123.88
MinimumVisualStudioVersion = 10.0.40219.1
Project("{FAE04EC0-301F-11D3-BF4B-00C04F79EFBC}") = "BasicSyntax", "BasicSyntax\BasicSyntax.csproj", "{9DE007FF-77C9-41B6-9B05-1E53EB9416AF}"
EndProject
Project("{FAE04EC0-301F-11D3-BF4B-00C04F79EFBC}") = "OOP", "OOP\OOP.csproj", "{D3E54F0A-8F00-430A-AD04-463A2ED30AA1}"
EndProject
Project("{FAE04EC0-301F-11D3-BF4B-00C04F79EFBC}") = "NUnitAndSelenium", "NUnitAndSelenium\NUnitAndSelenium.csproj", "{0814686D-AA77-413F-B828-A08B87B08019}"
EndProject
Project("{FAE04EC0-301F-11D3-BF4B-00C04F79EFBC}") = "LinearStructureScripting", "LinearStructureScripting\LinearStructureScripting.csproj", "{8153E045-E3EE-4B8A-A4BF-5FEDDA433EDF}"
EndProject
Project("{FAE04EC0-301F-11D3-BF4B-00C04F79EFBC}") = "DataAndKeywordDriven", "DataAndKeywordDriven\DataAndKeywordDriven.csproj", "{4C6EA908-E2A9-4073-9380-C05ED3E2B5A7}"
EndProject
Global
	GlobalSection(SolutionConfigurationPlatforms) = preSolution
		Debug|Any CPU = Debug|Any CPU
		Release|Any CPU = Release|Any CPU
	EndGlobalSection
	GlobalSection(ProjectConfigurationPlatforms) = postSolution
		{9DE007FF-77C9-41B6-9B05-1E53EB9416AF}.Debug|Any CPU.ActiveCfg = Debug|Any CPU
		{9DE007FF-77C9-41B6-9B05-1E53EB9416AF}.Debug|Any CPU.Build.0 = Debug|Any CPU
		{9DE007FF-77C9-41B6-9B05-1E53EB9416AF}.Release|Any CPU.ActiveCfg = Release|Any CPU
		{9DE007FF-77C9-41B6-9B05-1E53EB9416AF}.Release|Any CPU.Build.0 = Release|Any CPU
		{D3E54F0A-8F00-430A-AD04-463A2ED30AA1}.Debug|Any CPU.ActiveCfg = Debug|Any CPU
		{D3E54F0A-8F00-430A-AD04-463A2ED30AA1}.Debug|Any CPU.Build.0 = Debug|Any CPU
		{D3E54F0A-8F00-430A-AD04-463A2ED30AA1}.Release|Any CPU.ActiveCfg = Release|Any CPU
		{D3E54F0A-8F00-430A-AD04-463A2ED30AA1}.Release|Any CPU.Build.0 = Release|Any CPU
		{0814686D-AA77-413F-B828-A08B87B08019}.Debug|Any CPU.ActiveCfg = Debug|Any CPU
		{0814686D-AA77-413F-B828-A08B87B08019}.Debug|Any CPU.Build.0 = Debug|Any CPU
		{0814686D-AA77-413F-B828-A08B87B08019}.Release|Any CPU.ActiveCfg = Release|Any CPU
		{0814686D-AA77-413F-B828-A08B87B08019}.Release|Any CPU.Build.0 = Release|Any CPU
		{8153E045-E3EE-4B8A-A4BF-5FEDDA433EDF}.Debug|Any CPU.ActiveCfg = Debug|Any CPU
		{8153E045-E3EE-4B8A-A4BF-5FEDDA433EDF}.Debug|Any CPU.Build.0 = Debug|Any CPU
		{8153E045-E3EE-4B8A-A4BF-5FEDDA433EDF}.Release|Any CPU.ActiveCfg = Release|Any CPU
		{8153E045-E3EE-4B8A-A4BF-5FEDDA433EDF}.Release|Any CPU.Build.0 = Release|Any CPU
		{4C6EA908-E2A9-4073-9380-C05ED3E2B5A7}.Debug|Any CPU.ActiveCfg = Debug|Any CPU
		{4C6EA908-E2A9-4073-9380-C05ED3E2B5A7}.Debug|Any CPU.Build.0 = Debug|Any CPU
		{4C6EA908-E2A9-4073-9380-C05ED3E2B5A7}.Release|Any CPU.ActiveCfg = Release|Any CPU
		{4C6EA908-E2A9-4073-9380-C05ED3E2B5A7}.Release|Any CPU.Build.0 = Release|Any CPU
	EndGlobalSection
	GlobalSection(SolutionProperties) = preSolution
		HideSolutionNode = FALSE
	EndGlobalSection
	GlobalSection(ExtensibilityGlobals) = postSolution
		SolutionGuid = {48C3C759-1412-4DE9-8E02-F6BE7CCE50F2}
	EndGlobalSection
EndGlobal
